PODS:
  - Business_A (1.1):
    - Business_A/source (= 1.1)
    - Business_B_Extension
  - Business_A/source (1.1):
    - Business_B_Extension
  - Business_A_Extension (1.0):
    - CTMediator
  - Business_B_Extension (1.2):
    - CTMediator
  - CTMediator (48)

DEPENDENCIES:
  - Business_A
  - Business_A_Extension
  - Business_B_Extension

SPEC REPOS:
  https://github.com/WDModulization/WD_PodSpecs.git:
    - Business_A
    - Business_A_Extension
    - Business_B_Extension
  https://mirrors.tuna.tsinghua.edu.cn/git/CocoaPods/Specs.git:
    - CTMediator

SPEC CHECKSUMS:
  Business_A: e7e8e759cde30071b23eaa3b259daac208a1af79
  Business_A_Extension: 2255503f44ad3ecb287c6ee09fe8a5e9e1b0366d
  Business_B_Extension: f24f0ad7f7644dcad1bfa2742d3eea71984be3fc
  CTMediator: 3f3578b525b3a46a7a2f92a99922ec40363f4269

PODFILE CHECKSUM: 1c12e264216d6c106b83303e64d685f3d4019346

COCOAPODS: 1.12.0
